
Microsoft Visual Studio Solution File, Format Version 12.00
# Visual Studio Version 17
VisualStudioVersion = 17.1.32210.238
MinimumVisualStudioVersion = 10.0.40219.1
Project("{FAE04EC0-301F-11D3-BF4B-00C04F79EFBC}") = "ReturnRandoms", "ReturnRandoms\ReturnRandoms.csproj", "{0EFB25B4-A174-460B-955F-962646D11D51}"
EndProject
Global
	GlobalSection(SolutionConfigurationPlatforms) = preSolution
		Debug|Any CPU = Debug|Any CPU
		Release|Any CPU = Release|Any CPU
	EndGlobalSection
	GlobalSection(ProjectConfigurationPlatforms) = postSolution
		{0EFB25B4-A174-460B-955F-962646D11D51}.Debug|Any CPU.ActiveCfg = Debug|Any CPU
		{0EFB25B4-A174-460B-955F-962646D11D51}.Debug|Any CPU.Build.0 = Debug|Any CPU
		{0EFB25B4-A174-460B-955F-962646D11D51}.Release|Any CPU.ActiveCfg = Release|Any CPU
		{0EFB25B4-A174-460B-955F-962646D11D51}.Release|Any CPU.Build.0 = Release|Any CPU
	EndGlobalSection
	GlobalSection(SolutionProperties) = preSolution
		HideSolutionNode = FALSE
	EndGlobalSection
	GlobalSection(ExtensibilityGlobals) = postSolution
		SolutionGuid = {445B5560-88E1-4ED7-819D-A88555F293AB}
	EndGlobalSection
EndGlobal
